
Microsoft Visual Studio Solution File, Format Version 12.00
# Visual Studio Version 17
VisualStudioVersion = 17.2.32630.192
MinimumVisualStudioVersion = 10.0.40219.1
Project("{9A19103F-16F7-4668-BE54-9A1E7A4F7556}") = "01.Dijkstra'sAlgorithm", "01.Dijkstra'sAlgorithm\01.Dijkstra'sAlgorithm.csproj", "{B296383D-D79B-4133-8F78-AA6F9352426B}"
EndProject
Project("{FAE04EC0-301F-11D3-BF4B-00C04F79EFBC}") = "02.Kruskal'sAlgorithm", "02.Kruskal'sAlgorithm\02.Kruskal'sAlgorithm.csproj", "{96845A2F-75C4-427C-A7CF-EF76AB959A03}"
EndProject
Project("{FAE04EC0-301F-11D3-BF4B-00C04F79EFBC}") = "03.Prim'sAlgorithm", "03.Prim'sAlgorithm\03.Prim'sAlgorithm.csproj", "{53C4E7D8-23A5-4076-A2AC-1B6B19781641}"
EndProject
Global
	GlobalSection(SolutionConfigurationPlatforms) = preSolution
		Debug|Any CPU = Debug|Any CPU
		Release|Any CPU = Release|Any CPU
	EndGlobalSection
	GlobalSection(ProjectConfigurationPlatforms) = postSolution
		{B296383D-D79B-4133-8F78-AA6F9352426B}.Debug|Any CPU.ActiveCfg = Debug|Any CPU
		{B296383D-D79B-4133-8F78-AA6F9352426B}.Debug|Any CPU.Build.0 = Debug|Any CPU
		{B296383D-D79B-4133-8F78-AA6F9352426B}.Release|Any CPU.ActiveCfg = Release|Any CPU
		{B296383D-D79B-4133-8F78-AA6F9352426B}.Release|Any CPU.Build.0 = Release|Any CPU
		{96845A2F-75C4-427C-A7CF-EF76AB959A03}.Debug|Any CPU.ActiveCfg = Debug|Any CPU
		{96845A2F-75C4-427C-A7CF-EF76AB959A03}.Debug|Any CPU.Build.0 = Debug|Any CPU
		{96845A2F-75C4-427C-A7CF-EF76AB959A03}.Release|Any CPU.ActiveCfg = Release|Any CPU
		{96845A2F-75C4-427C-A7CF-EF76AB959A03}.Release|Any CPU.Build.0 = Release|Any CPU
		{53C4E7D8-23A5-4076-A2AC-1B6B19781641}.Debug|Any CPU.ActiveCfg = Debug|Any CPU
		{53C4E7D8-23A5-4076-A2AC-1B6B19781641}.Debug|Any CPU.Build.0 = Debug|Any CPU
		{53C4E7D8-23A5-4076-A2AC-1B6B19781641}.Release|Any CPU.ActiveCfg = Release|Any CPU
		{53C4E7D8-23A5-4076-A2AC-1B6B19781641}.Release|Any CPU.Build.0 = Release|Any CPU
	EndGlobalSection
	GlobalSection(SolutionProperties) = preSolution
		HideSolutionNode = FALSE
	EndGlobalSection
	GlobalSection(ExtensibilityGlobals) = postSolution
		SolutionGuid = {1EC68206-CB0A-4233-946E-D71C3910C31F}
	EndGlobalSection
EndGlobal
