
Microsoft Visual Studio Solution File, Format Version 12.00
# Visual Studio Version 17
VisualStudioVersion = 17.1.32421.90
MinimumVisualStudioVersion = 10.0.40219.1
Project("{FAE04EC0-301F-11D3-BF4B-00C04F79EFBC}") = "03.SumWithUnlimitedCoins", "03.SumWithUnlimitedCoins\03.SumWithUnlimitedCoins.csproj", "{F178970B-B6BD-4C85-AB5F-D6F01FEBCB69}"
EndProject
Global
	GlobalSection(SolutionConfigurationPlatforms) = preSolution
		Debug|Any CPU = Debug|Any CPU
		Release|Any CPU = Release|Any CPU
	EndGlobalSection
	GlobalSection(ProjectConfigurationPlatforms) = postSolution
		{F178970B-B6BD-4C85-AB5F-D6F01FEBCB69}.Debug|Any CPU.ActiveCfg = Debug|Any CPU
		{F178970B-B6BD-4C85-AB5F-D6F01FEBCB69}.Debug|Any CPU.Build.0 = Debug|Any CPU
		{F178970B-B6BD-4C85-AB5F-D6F01FEBCB69}.Release|Any CPU.ActiveCfg = Release|Any CPU
		{F178970B-B6BD-4C85-AB5F-D6F01FEBCB69}.Release|Any CPU.Build.0 = Release|Any CPU
	EndGlobalSection
	GlobalSection(SolutionProperties) = preSolution
		HideSolutionNode = FALSE
	EndGlobalSection
	GlobalSection(ExtensibilityGlobals) = postSolution
		SolutionGuid = {185CE2EC-B207-426B-938A-C99F0A3B4011}
	EndGlobalSection
EndGlobal
