
Microsoft Visual Studio Solution File, Format Version 12.00
# Visual Studio Version 17
VisualStudioVersion = 17.2.32630.192
MinimumVisualStudioVersion = 10.0.40219.1
Project("{FAE04EC0-301F-11D3-BF4B-00C04F79EFBC}") = "01.StringMashup", "01.StringMashup\01.StringMashup.csproj", "{6B1FCF96-AD90-4893-92CE-9BEE45F81053}"
EndProject
Project("{FAE04EC0-301F-11D3-BF4B-00C04F79EFBC}") = "03.BankRobbery", "03.BankRobbery\03.BankRobbery.csproj", "{04905660-E7D2-4529-BA7B-EA02C5AD2C75}"
EndProject
Global
	GlobalSection(SolutionConfigurationPlatforms) = preSolution
		Debug|Any CPU = Debug|Any CPU
		Release|Any CPU = Release|Any CPU
	EndGlobalSection
	GlobalSection(ProjectConfigurationPlatforms) = postSolution
		{6B1FCF96-AD90-4893-92CE-9BEE45F81053}.Debug|Any CPU.ActiveCfg = Debug|Any CPU
		{6B1FCF96-AD90-4893-92CE-9BEE45F81053}.Debug|Any CPU.Build.0 = Debug|Any CPU
		{6B1FCF96-AD90-4893-92CE-9BEE45F81053}.Release|Any CPU.ActiveCfg = Release|Any CPU
		{6B1FCF96-AD90-4893-92CE-9BEE45F81053}.Release|Any CPU.Build.0 = Release|Any CPU
		{04905660-E7D2-4529-BA7B-EA02C5AD2C75}.Debug|Any CPU.ActiveCfg = Debug|Any CPU
		{04905660-E7D2-4529-BA7B-EA02C5AD2C75}.Debug|Any CPU.Build.0 = Debug|Any CPU
		{04905660-E7D2-4529-BA7B-EA02C5AD2C75}.Release|Any CPU.ActiveCfg = Release|Any CPU
		{04905660-E7D2-4529-BA7B-EA02C5AD2C75}.Release|Any CPU.Build.0 = Release|Any CPU
	EndGlobalSection
	GlobalSection(SolutionProperties) = preSolution
		HideSolutionNode = FALSE
	EndGlobalSection
	GlobalSection(ExtensibilityGlobals) = postSolution
		SolutionGuid = {D04C03D2-7FFE-4D90-AA9D-4DE8CBEC0996}
	EndGlobalSection
EndGlobal
