
Microsoft Visual Studio Solution File, Format Version 12.00
# Visual Studio Version 17
VisualStudioVersion = 17.0.32014.148
MinimumVisualStudioVersion = 10.0.40219.1
Project("{FAE04EC0-301F-11D3-BF4B-00C04F79EFBC}") = "KenovServer", "KenovServer\KenovServer.csproj", "{33660FD0-AD61-4A4B-B6BE-2D15FC6FF5F8}"
EndProject
Global
	GlobalSection(SolutionConfigurationPlatforms) = preSolution
		Debug|Any CPU = Debug|Any CPU
		Release|Any CPU = Release|Any CPU
	EndGlobalSection
	GlobalSection(ProjectConfigurationPlatforms) = postSolution
		{33660FD0-AD61-4A4B-B6BE-2D15FC6FF5F8}.Debug|Any CPU.ActiveCfg = Debug|Any CPU
		{33660FD0-AD61-4A4B-B6BE-2D15FC6FF5F8}.Debug|Any CPU.Build.0 = Debug|Any CPU
		{33660FD0-AD61-4A4B-B6BE-2D15FC6FF5F8}.Release|Any CPU.ActiveCfg = Release|Any CPU
		{33660FD0-AD61-4A4B-B6BE-2D15FC6FF5F8}.Release|Any CPU.Build.0 = Release|Any CPU
	EndGlobalSection
	GlobalSection(SolutionProperties) = preSolution
		HideSolutionNode = FALSE
	EndGlobalSection
	GlobalSection(ExtensibilityGlobals) = postSolution
		SolutionGuid = {7F5DC48E-2E2B-4B7B-B54F-1995C0130C53}
	EndGlobalSection
EndGlobal
