
Microsoft Visual Studio Solution File, Format Version 12.00
# Visual Studio Version 17
VisualStudioVersion = 17.1.32421.90
MinimumVisualStudioVersion = 10.0.40219.1
Project("{FAE04EC0-301F-11D3-BF4B-00C04F79EFBC}") = "01.BinomialCoefficients", "01.BinomialCoefficients\01.BinomialCoefficients.csproj", "{A41EAC5A-728E-48AA-9271-356F580C4BAD}"
EndProject
Global
	GlobalSection(SolutionConfigurationPlatforms) = preSolution
		Debug|Any CPU = Debug|Any CPU
		Release|Any CPU = Release|Any CPU
	EndGlobalSection
	GlobalSection(ProjectConfigurationPlatforms) = postSolution
		{A41EAC5A-728E-48AA-9271-356F580C4BAD}.Debug|Any CPU.ActiveCfg = Debug|Any CPU
		{A41EAC5A-728E-48AA-9271-356F580C4BAD}.Debug|Any CPU.Build.0 = Debug|Any CPU
		{A41EAC5A-728E-48AA-9271-356F580C4BAD}.Release|Any CPU.ActiveCfg = Release|Any CPU
		{A41EAC5A-728E-48AA-9271-356F580C4BAD}.Release|Any CPU.Build.0 = Release|Any CPU
	EndGlobalSection
	GlobalSection(SolutionProperties) = preSolution
		HideSolutionNode = FALSE
	EndGlobalSection
	GlobalSection(ExtensibilityGlobals) = postSolution
		SolutionGuid = {7A62B472-F6F6-43BB-BF8B-212FD849A510}
	EndGlobalSection
EndGlobal
