
Microsoft Visual Studio Solution File, Format Version 12.00
# Visual Studio Version 17
VisualStudioVersion = 17.1.32421.90
MinimumVisualStudioVersion = 10.0.40219.1
Project("{FAE04EC0-301F-11D3-BF4B-00C04F79EFBC}") = "05.WordDifferences", "05.WordDifferences\05.WordDifferences.csproj", "{BC0846F7-2E9E-4DCE-A30E-1E7F785A0362}"
EndProject
Global
	GlobalSection(SolutionConfigurationPlatforms) = preSolution
		Debug|Any CPU = Debug|Any CPU
		Release|Any CPU = Release|Any CPU
	EndGlobalSection
	GlobalSection(ProjectConfigurationPlatforms) = postSolution
		{BC0846F7-2E9E-4DCE-A30E-1E7F785A0362}.Debug|Any CPU.ActiveCfg = Debug|Any CPU
		{BC0846F7-2E9E-4DCE-A30E-1E7F785A0362}.Debug|Any CPU.Build.0 = Debug|Any CPU
		{BC0846F7-2E9E-4DCE-A30E-1E7F785A0362}.Release|Any CPU.ActiveCfg = Release|Any CPU
		{BC0846F7-2E9E-4DCE-A30E-1E7F785A0362}.Release|Any CPU.Build.0 = Release|Any CPU
	EndGlobalSection
	GlobalSection(SolutionProperties) = preSolution
		HideSolutionNode = FALSE
	EndGlobalSection
	GlobalSection(ExtensibilityGlobals) = postSolution
		SolutionGuid = {80D93FA3-04C6-4CBF-A7A9-01867D4C10BB}
	EndGlobalSection
EndGlobal
