
Microsoft Visual Studio Solution File, Format Version 12.00
# Visual Studio Version 16
VisualStudioVersion = 16.0.31729.503
MinimumVisualStudioVersion = 10.0.40219.1
Project("{9A19103F-16F7-4668-BE54-9A1E7A4F7556}") = "BookShop", "BookShop.csproj", "{ECF61645-B366-4971-AB69-FE605B7A90C5}"
EndProject
Global
	GlobalSection(SolutionConfigurationPlatforms) = preSolution
		Debug|Any CPU = Debug|Any CPU
		Release|Any CPU = Release|Any CPU
	EndGlobalSection
	GlobalSection(ProjectConfigurationPlatforms) = postSolution
		{ECF61645-B366-4971-AB69-FE605B7A90C5}.Debug|Any CPU.ActiveCfg = Debug|Any CPU
		{ECF61645-B366-4971-AB69-FE605B7A90C5}.Debug|Any CPU.Build.0 = Debug|Any CPU
		{ECF61645-B366-4971-AB69-FE605B7A90C5}.Release|Any CPU.ActiveCfg = Release|Any CPU
		{ECF61645-B366-4971-AB69-FE605B7A90C5}.Release|Any CPU.Build.0 = Release|Any CPU
	EndGlobalSection
	GlobalSection(SolutionProperties) = preSolution
		HideSolutionNode = FALSE
	EndGlobalSection
	GlobalSection(ExtensibilityGlobals) = postSolution
		SolutionGuid = {30D46102-51BD-49F9-9C72-59EFAEC338D7}
	EndGlobalSection
EndGlobal
