
Microsoft Visual Studio Solution File, Format Version 12.00
# Visual Studio Version 17
VisualStudioVersion = 17.2.32630.192
MinimumVisualStudioVersion = 10.0.40219.1
Project("{FAE04EC0-301F-11D3-BF4B-00C04F79EFBC}") = "01.BellmanFord", "GraphsBellman-Ford\01.BellmanFord.csproj", "{02985B87-0F97-407A-92E7-5403883BE512}"
EndProject
Project("{FAE04EC0-301F-11D3-BF4B-00C04F79EFBC}") = "02.LongestPath", "02.LongestPath\02.LongestPath.csproj", "{F3515B83-220F-48EE-890E-A7F0C34F5607}"
EndProject
Global
	GlobalSection(SolutionConfigurationPlatforms) = preSolution
		Debug|Any CPU = Debug|Any CPU
		Release|Any CPU = Release|Any CPU
	EndGlobalSection
	GlobalSection(ProjectConfigurationPlatforms) = postSolution
		{02985B87-0F97-407A-92E7-5403883BE512}.Debug|Any CPU.ActiveCfg = Debug|Any CPU
		{02985B87-0F97-407A-92E7-5403883BE512}.Debug|Any CPU.Build.0 = Debug|Any CPU
		{02985B87-0F97-407A-92E7-5403883BE512}.Release|Any CPU.ActiveCfg = Release|Any CPU
		{02985B87-0F97-407A-92E7-5403883BE512}.Release|Any CPU.Build.0 = Release|Any CPU
		{F3515B83-220F-48EE-890E-A7F0C34F5607}.Debug|Any CPU.ActiveCfg = Debug|Any CPU
		{F3515B83-220F-48EE-890E-A7F0C34F5607}.Debug|Any CPU.Build.0 = Debug|Any CPU
		{F3515B83-220F-48EE-890E-A7F0C34F5607}.Release|Any CPU.ActiveCfg = Release|Any CPU
		{F3515B83-220F-48EE-890E-A7F0C34F5607}.Release|Any CPU.Build.0 = Release|Any CPU
	EndGlobalSection
	GlobalSection(SolutionProperties) = preSolution
		HideSolutionNode = FALSE
	EndGlobalSection
	GlobalSection(ExtensibilityGlobals) = postSolution
		SolutionGuid = {EFB9F4FE-43CC-4C63-8CBF-3654CD3D2E6F}
	EndGlobalSection
EndGlobal
