
Microsoft Visual Studio Solution File, Format Version 12.00
# Visual Studio Version 17
VisualStudioVersion = 17.2.32630.192
MinimumVisualStudioVersion = 10.0.40219.1
Project("{FAE04EC0-301F-11D3-BF4B-00C04F79EFBC}") = "01.TBC", "01.TBC\01.TBC.csproj", "{BE0B6AE5-4A19-4F70-8D09-E6AFFA6AAE6F}"
EndProject
Project("{FAE04EC0-301F-11D3-BF4B-00C04F79EFBC}") = "02.Socks", "02.Socks\02.Socks.csproj", "{B40B71B4-F8B2-4F7E-93A3-7D50D46988E3}"
EndProject
Project("{FAE04EC0-301F-11D3-BF4B-00C04F79EFBC}") = "03.PathFinder", "03.PathFinder\03.PathFinder.csproj", "{DD66CCF8-F83E-4F17-A24E-01C8D5384B03}"
EndProject
Global
	GlobalSection(SolutionConfigurationPlatforms) = preSolution
		Debug|Any CPU = Debug|Any CPU
		Release|Any CPU = Release|Any CPU
	EndGlobalSection
	GlobalSection(ProjectConfigurationPlatforms) = postSolution
		{BE0B6AE5-4A19-4F70-8D09-E6AFFA6AAE6F}.Debug|Any CPU.ActiveCfg = Debug|Any CPU
		{BE0B6AE5-4A19-4F70-8D09-E6AFFA6AAE6F}.Debug|Any CPU.Build.0 = Debug|Any CPU
		{BE0B6AE5-4A19-4F70-8D09-E6AFFA6AAE6F}.Release|Any CPU.ActiveCfg = Release|Any CPU
		{BE0B6AE5-4A19-4F70-8D09-E6AFFA6AAE6F}.Release|Any CPU.Build.0 = Release|Any CPU
		{B40B71B4-F8B2-4F7E-93A3-7D50D46988E3}.Debug|Any CPU.ActiveCfg = Debug|Any CPU
		{B40B71B4-F8B2-4F7E-93A3-7D50D46988E3}.Debug|Any CPU.Build.0 = Debug|Any CPU
		{B40B71B4-F8B2-4F7E-93A3-7D50D46988E3}.Release|Any CPU.ActiveCfg = Release|Any CPU
		{B40B71B4-F8B2-4F7E-93A3-7D50D46988E3}.Release|Any CPU.Build.0 = Release|Any CPU
		{DD66CCF8-F83E-4F17-A24E-01C8D5384B03}.Debug|Any CPU.ActiveCfg = Debug|Any CPU
		{DD66CCF8-F83E-4F17-A24E-01C8D5384B03}.Debug|Any CPU.Build.0 = Debug|Any CPU
		{DD66CCF8-F83E-4F17-A24E-01C8D5384B03}.Release|Any CPU.ActiveCfg = Release|Any CPU
		{DD66CCF8-F83E-4F17-A24E-01C8D5384B03}.Release|Any CPU.Build.0 = Release|Any CPU
	EndGlobalSection
	GlobalSection(SolutionProperties) = preSolution
		HideSolutionNode = FALSE
	EndGlobalSection
	GlobalSection(ExtensibilityGlobals) = postSolution
		SolutionGuid = {CB20BE92-9D28-4505-A5ED-03D6B58221B4}
	EndGlobalSection
EndGlobal
