
Microsoft Visual Studio Solution File, Format Version 12.00
# Visual Studio Version 17
VisualStudioVersion = 17.2.32630.192
MinimumVisualStudioVersion = 10.0.40219.1
Project("{9A19103F-16F7-4668-BE54-9A1E7A4F7556}") = "01.StronglyConnectedComponents", "04.GraphsStronglyConnectedComponents-Lab\01.StronglyConnectedComponents.csproj", "{A0BA08DA-D2DA-4332-81E0-6D21BA5EAEB1}"
EndProject
Project("{9A19103F-16F7-4668-BE54-9A1E7A4F7556}") = "02.MaxFlow", "02.MaxFlow\02.MaxFlow.csproj", "{96C5561F-DDFE-499E-8C29-8F0D33E6F799}"
EndProject
Project("{9A19103F-16F7-4668-BE54-9A1E7A4F7556}") = "03.ArticulationPoints", "03.ArticulationPoints\03.ArticulationPoints.csproj", "{ACB71D5A-B1B4-4A96-8948-1356B7DF3674}"
EndProject
Global
	GlobalSection(SolutionConfigurationPlatforms) = preSolution
		Debug|Any CPU = Debug|Any CPU
		Release|Any CPU = Release|Any CPU
	EndGlobalSection
	GlobalSection(ProjectConfigurationPlatforms) = postSolution
		{A0BA08DA-D2DA-4332-81E0-6D21BA5EAEB1}.Debug|Any CPU.ActiveCfg = Debug|Any CPU
		{A0BA08DA-D2DA-4332-81E0-6D21BA5EAEB1}.Debug|Any CPU.Build.0 = Debug|Any CPU
		{A0BA08DA-D2DA-4332-81E0-6D21BA5EAEB1}.Release|Any CPU.ActiveCfg = Release|Any CPU
		{A0BA08DA-D2DA-4332-81E0-6D21BA5EAEB1}.Release|Any CPU.Build.0 = Release|Any CPU
		{96C5561F-DDFE-499E-8C29-8F0D33E6F799}.Debug|Any CPU.ActiveCfg = Debug|Any CPU
		{96C5561F-DDFE-499E-8C29-8F0D33E6F799}.Debug|Any CPU.Build.0 = Debug|Any CPU
		{96C5561F-DDFE-499E-8C29-8F0D33E6F799}.Release|Any CPU.ActiveCfg = Release|Any CPU
		{96C5561F-DDFE-499E-8C29-8F0D33E6F799}.Release|Any CPU.Build.0 = Release|Any CPU
		{ACB71D5A-B1B4-4A96-8948-1356B7DF3674}.Debug|Any CPU.ActiveCfg = Debug|Any CPU
		{ACB71D5A-B1B4-4A96-8948-1356B7DF3674}.Debug|Any CPU.Build.0 = Debug|Any CPU
		{ACB71D5A-B1B4-4A96-8948-1356B7DF3674}.Release|Any CPU.ActiveCfg = Release|Any CPU
		{ACB71D5A-B1B4-4A96-8948-1356B7DF3674}.Release|Any CPU.Build.0 = Release|Any CPU
	EndGlobalSection
	GlobalSection(SolutionProperties) = preSolution
		HideSolutionNode = FALSE
	EndGlobalSection
	GlobalSection(ExtensibilityGlobals) = postSolution
		SolutionGuid = {675A4DCC-A553-4092-8BB3-090E64F9F3BB}
	EndGlobalSection
EndGlobal
