
Microsoft Visual Studio Solution File, Format Version 12.00
# Visual Studio Version 17
VisualStudioVersion = 17.2.32630.192
MinimumVisualStudioVersion = 10.0.40219.1
Project("{FAE04EC0-301F-11D3-BF4B-00C04F79EFBC}") = "07.DynamicProgrammingAdvanced-Exercise", "07.DynamicProgrammingAdvanced-Exercise\07.DynamicProgrammingAdvanced-Exercise.csproj", "{A94F3AEC-4D61-4A5D-AEF3-647971F9DAD0}"
EndProject
Project("{FAE04EC0-301F-11D3-BF4B-00C04F79EFBC}") = "02.BattlePoints", "02.BattlePoints\02.BattlePoints.csproj", "{A16E7E3F-BCEA-4342-9E39-226A85E8BAC8}"
EndProject
Project("{FAE04EC0-301F-11D3-BF4B-00C04F79EFBC}") = "03.LongestStringChain", "03.LongestStringChain\03.LongestStringChain.csproj", "{8BE259F9-F05C-44C8-A173-B830677600CE}"
EndProject
Project("{FAE04EC0-301F-11D3-BF4B-00C04F79EFBC}") = "04.LongestZigzagSubsequence", "04.LongestZigzagSubsequence\04.LongestZigzagSubsequence.csproj", "{47A92E9B-A05A-46E4-947F-563B056208C1}"
EndProject
Global
	GlobalSection(SolutionConfigurationPlatforms) = preSolution
		Debug|Any CPU = Debug|Any CPU
		Release|Any CPU = Release|Any CPU
	EndGlobalSection
	GlobalSection(ProjectConfigurationPlatforms) = postSolution
		{A94F3AEC-4D61-4A5D-AEF3-647971F9DAD0}.Debug|Any CPU.ActiveCfg = Debug|Any CPU
		{A94F3AEC-4D61-4A5D-AEF3-647971F9DAD0}.Debug|Any CPU.Build.0 = Debug|Any CPU
		{A94F3AEC-4D61-4A5D-AEF3-647971F9DAD0}.Release|Any CPU.ActiveCfg = Release|Any CPU
		{A94F3AEC-4D61-4A5D-AEF3-647971F9DAD0}.Release|Any CPU.Build.0 = Release|Any CPU
		{A16E7E3F-BCEA-4342-9E39-226A85E8BAC8}.Debug|Any CPU.ActiveCfg = Debug|Any CPU
		{A16E7E3F-BCEA-4342-9E39-226A85E8BAC8}.Debug|Any CPU.Build.0 = Debug|Any CPU
		{A16E7E3F-BCEA-4342-9E39-226A85E8BAC8}.Release|Any CPU.ActiveCfg = Release|Any CPU
		{A16E7E3F-BCEA-4342-9E39-226A85E8BAC8}.Release|Any CPU.Build.0 = Release|Any CPU
		{8BE259F9-F05C-44C8-A173-B830677600CE}.Debug|Any CPU.ActiveCfg = Debug|Any CPU
		{8BE259F9-F05C-44C8-A173-B830677600CE}.Debug|Any CPU.Build.0 = Debug|Any CPU
		{8BE259F9-F05C-44C8-A173-B830677600CE}.Release|Any CPU.ActiveCfg = Release|Any CPU
		{8BE259F9-F05C-44C8-A173-B830677600CE}.Release|Any CPU.Build.0 = Release|Any CPU
		{47A92E9B-A05A-46E4-947F-563B056208C1}.Debug|Any CPU.ActiveCfg = Debug|Any CPU
		{47A92E9B-A05A-46E4-947F-563B056208C1}.Debug|Any CPU.Build.0 = Debug|Any CPU
		{47A92E9B-A05A-46E4-947F-563B056208C1}.Release|Any CPU.ActiveCfg = Release|Any CPU
		{47A92E9B-A05A-46E4-947F-563B056208C1}.Release|Any CPU.Build.0 = Release|Any CPU
	EndGlobalSection
	GlobalSection(SolutionProperties) = preSolution
		HideSolutionNode = FALSE
	EndGlobalSection
	GlobalSection(ExtensibilityGlobals) = postSolution
		SolutionGuid = {B4DD41FF-D301-4218-9C14-597A675FEB40}
	EndGlobalSection
EndGlobal
