
Microsoft Visual Studio Solution File, Format Version 12.00
# Visual Studio Version 17
VisualStudioVersion = 17.2.32630.192
MinimumVisualStudioVersion = 10.0.40219.1
Project("{9A19103F-16F7-4668-BE54-9A1E7A4F7556}") = "01.MostReliablePath", "03.GraphsBellman-Ford-Exercise\01.MostReliablePath.csproj", "{AB349D8B-7943-4637-A035-06764CD7931F}"
EndProject
Project("{9A19103F-16F7-4668-BE54-9A1E7A4F7556}") = "02.CheapTownTour", "02.CheapTownTour\02.CheapTownTour.csproj", "{0C9A7B91-CC20-4EE2-B6C8-37465B325070}"
EndProject
Project("{9A19103F-16F7-4668-BE54-9A1E7A4F7556}") = "03.Undefined", "03.Undefined\03.Undefined.csproj", "{AC0CA5BE-5777-4933-800E-913859537424}"
EndProject
Project("{9A19103F-16F7-4668-BE54-9A1E7A4F7556}") = "04.BigTrip", "04.BigTrip\04.BigTrip.csproj", "{8E7333B5-5759-45B9-887D-B461E6188711}"
EndProject
Project("{FAE04EC0-301F-11D3-BF4B-00C04F79EFBC}") = "05.CableNetwork", "05.CableNetwork\05.CableNetwork.csproj", "{45FBCCFC-E2A4-436E-BA99-47D08F6B5814}"
EndProject
Global
	GlobalSection(SolutionConfigurationPlatforms) = preSolution
		Debug|Any CPU = Debug|Any CPU
		Release|Any CPU = Release|Any CPU
	EndGlobalSection
	GlobalSection(ProjectConfigurationPlatforms) = postSolution
		{AB349D8B-7943-4637-A035-06764CD7931F}.Debug|Any CPU.ActiveCfg = Debug|Any CPU
		{AB349D8B-7943-4637-A035-06764CD7931F}.Debug|Any CPU.Build.0 = Debug|Any CPU
		{AB349D8B-7943-4637-A035-06764CD7931F}.Release|Any CPU.ActiveCfg = Release|Any CPU
		{AB349D8B-7943-4637-A035-06764CD7931F}.Release|Any CPU.Build.0 = Release|Any CPU
		{0C9A7B91-CC20-4EE2-B6C8-37465B325070}.Debug|Any CPU.ActiveCfg = Debug|Any CPU
		{0C9A7B91-CC20-4EE2-B6C8-37465B325070}.Debug|Any CPU.Build.0 = Debug|Any CPU
		{0C9A7B91-CC20-4EE2-B6C8-37465B325070}.Release|Any CPU.ActiveCfg = Release|Any CPU
		{0C9A7B91-CC20-4EE2-B6C8-37465B325070}.Release|Any CPU.Build.0 = Release|Any CPU
		{AC0CA5BE-5777-4933-800E-913859537424}.Debug|Any CPU.ActiveCfg = Debug|Any CPU
		{AC0CA5BE-5777-4933-800E-913859537424}.Debug|Any CPU.Build.0 = Debug|Any CPU
		{AC0CA5BE-5777-4933-800E-913859537424}.Release|Any CPU.ActiveCfg = Release|Any CPU
		{AC0CA5BE-5777-4933-800E-913859537424}.Release|Any CPU.Build.0 = Release|Any CPU
		{8E7333B5-5759-45B9-887D-B461E6188711}.Debug|Any CPU.ActiveCfg = Debug|Any CPU
		{8E7333B5-5759-45B9-887D-B461E6188711}.Debug|Any CPU.Build.0 = Debug|Any CPU
		{8E7333B5-5759-45B9-887D-B461E6188711}.Release|Any CPU.ActiveCfg = Release|Any CPU
		{8E7333B5-5759-45B9-887D-B461E6188711}.Release|Any CPU.Build.0 = Release|Any CPU
		{45FBCCFC-E2A4-436E-BA99-47D08F6B5814}.Debug|Any CPU.ActiveCfg = Debug|Any CPU
		{45FBCCFC-E2A4-436E-BA99-47D08F6B5814}.Debug|Any CPU.Build.0 = Debug|Any CPU
		{45FBCCFC-E2A4-436E-BA99-47D08F6B5814}.Release|Any CPU.ActiveCfg = Release|Any CPU
		{45FBCCFC-E2A4-436E-BA99-47D08F6B5814}.Release|Any CPU.Build.0 = Release|Any CPU
	EndGlobalSection
	GlobalSection(SolutionProperties) = preSolution
		HideSolutionNode = FALSE
	EndGlobalSection
	GlobalSection(ExtensibilityGlobals) = postSolution
		SolutionGuid = {1FDC8B02-3E11-4F90-B646-E229CCA0FD68}
	EndGlobalSection
EndGlobal
