
Microsoft Visual Studio Solution File, Format Version 12.00
# Visual Studio Version 17
VisualStudioVersion = 17.2.32630.192
MinimumVisualStudioVersion = 10.0.40219.1
Project("{FAE04EC0-301F-11D3-BF4B-00C04F79EFBC}") = "01.MoveDownRight", "01.MoveDownRight\01.MoveDownRight.csproj", "{C9DA19C5-699C-48E8-843F-F4AFE2CFEE6C}"
EndProject
Project("{FAE04EC0-301F-11D3-BF4B-00C04F79EFBC}") = "02.Universes", "02.Universes\02.Universes.csproj", "{78432B15-B09C-4C6D-9BCB-AAD865E3E800}"
EndProject
Project("{FAE04EC0-301F-11D3-BF4B-00C04F79EFBC}") = "03.StringsMashup", "03.StringsMashup\03.StringsMashup.csproj", "{77A429EC-7150-4ADD-A9B6-AE22DB74C22D}"
EndProject
Global
	GlobalSection(SolutionConfigurationPlatforms) = preSolution
		Debug|Any CPU = Debug|Any CPU
		Release|Any CPU = Release|Any CPU
	EndGlobalSection
	GlobalSection(ProjectConfigurationPlatforms) = postSolution
		{C9DA19C5-699C-48E8-843F-F4AFE2CFEE6C}.Debug|Any CPU.ActiveCfg = Debug|Any CPU
		{C9DA19C5-699C-48E8-843F-F4AFE2CFEE6C}.Debug|Any CPU.Build.0 = Debug|Any CPU
		{C9DA19C5-699C-48E8-843F-F4AFE2CFEE6C}.Release|Any CPU.ActiveCfg = Release|Any CPU
		{C9DA19C5-699C-48E8-843F-F4AFE2CFEE6C}.Release|Any CPU.Build.0 = Release|Any CPU
		{78432B15-B09C-4C6D-9BCB-AAD865E3E800}.Debug|Any CPU.ActiveCfg = Debug|Any CPU
		{78432B15-B09C-4C6D-9BCB-AAD865E3E800}.Debug|Any CPU.Build.0 = Debug|Any CPU
		{78432B15-B09C-4C6D-9BCB-AAD865E3E800}.Release|Any CPU.ActiveCfg = Release|Any CPU
		{78432B15-B09C-4C6D-9BCB-AAD865E3E800}.Release|Any CPU.Build.0 = Release|Any CPU
		{77A429EC-7150-4ADD-A9B6-AE22DB74C22D}.Debug|Any CPU.ActiveCfg = Debug|Any CPU
		{77A429EC-7150-4ADD-A9B6-AE22DB74C22D}.Debug|Any CPU.Build.0 = Debug|Any CPU
		{77A429EC-7150-4ADD-A9B6-AE22DB74C22D}.Release|Any CPU.ActiveCfg = Release|Any CPU
		{77A429EC-7150-4ADD-A9B6-AE22DB74C22D}.Release|Any CPU.Build.0 = Release|Any CPU
	EndGlobalSection
	GlobalSection(SolutionProperties) = preSolution
		HideSolutionNode = FALSE
	EndGlobalSection
	GlobalSection(ExtensibilityGlobals) = postSolution
		SolutionGuid = {5A75FF88-56D3-4376-8B53-E3006F2ED739}
	EndGlobalSection
EndGlobal
