
Microsoft Visual Studio Solution File, Format Version 12.00
# Visual Studio Version 17
VisualStudioVersion = 17.1.32421.90
MinimumVisualStudioVersion = 10.0.40219.1
Project("{FAE04EC0-301F-11D3-BF4B-00C04F79EFBC}") = "01.Fibonacci", "01.Fibonacci\01.Fibonacci.csproj", "{82A5367C-6CAF-44E8-9844-B8BF53562210}"
EndProject
Global
	GlobalSection(SolutionConfigurationPlatforms) = preSolution
		Debug|Any CPU = Debug|Any CPU
		Release|Any CPU = Release|Any CPU
	EndGlobalSection
	GlobalSection(ProjectConfigurationPlatforms) = postSolution
		{82A5367C-6CAF-44E8-9844-B8BF53562210}.Debug|Any CPU.ActiveCfg = Debug|Any CPU
		{82A5367C-6CAF-44E8-9844-B8BF53562210}.Debug|Any CPU.Build.0 = Debug|Any CPU
		{82A5367C-6CAF-44E8-9844-B8BF53562210}.Release|Any CPU.ActiveCfg = Release|Any CPU
		{82A5367C-6CAF-44E8-9844-B8BF53562210}.Release|Any CPU.Build.0 = Release|Any CPU
	EndGlobalSection
	GlobalSection(SolutionProperties) = preSolution
		HideSolutionNode = FALSE
	EndGlobalSection
	GlobalSection(ExtensibilityGlobals) = postSolution
		SolutionGuid = {A21746C9-AA81-4DD5-8F66-F0A2CEC3B68E}
	EndGlobalSection
EndGlobal
