
Microsoft Visual Studio Solution File, Format Version 12.00
# Visual Studio Version 17
VisualStudioVersion = 17.1.32421.90
MinimumVisualStudioVersion = 10.0.40219.1
Project("{FAE04EC0-301F-11D3-BF4B-00C04F79EFBC}") = "GeneratingVectors", "GeneratingVectors\GeneratingVectors.csproj", "{0D42F068-F363-4C17-B5B4-6B01D6CDBE88}"
EndProject
Global
	GlobalSection(SolutionConfigurationPlatforms) = preSolution
		Debug|Any CPU = Debug|Any CPU
		Release|Any CPU = Release|Any CPU
	EndGlobalSection
	GlobalSection(ProjectConfigurationPlatforms) = postSolution
		{0D42F068-F363-4C17-B5B4-6B01D6CDBE88}.Debug|Any CPU.ActiveCfg = Debug|Any CPU
		{0D42F068-F363-4C17-B5B4-6B01D6CDBE88}.Debug|Any CPU.Build.0 = Debug|Any CPU
		{0D42F068-F363-4C17-B5B4-6B01D6CDBE88}.Release|Any CPU.ActiveCfg = Release|Any CPU
		{0D42F068-F363-4C17-B5B4-6B01D6CDBE88}.Release|Any CPU.Build.0 = Release|Any CPU
	EndGlobalSection
	GlobalSection(SolutionProperties) = preSolution
		HideSolutionNode = FALSE
	EndGlobalSection
	GlobalSection(ExtensibilityGlobals) = postSolution
		SolutionGuid = {29C861FA-9707-43CB-856E-18C9A693AA80}
	EndGlobalSection
EndGlobal
